
Microsoft Visual Studio Solution File, Format Version 12.00
# Visual Studio Version 16
VisualStudioVersion = 16.0.31205.134
MinimumVisualStudioVersion = 10.0.40219.1
Project("{9A19103F-16F7-4668-BE54-9A1E7A4F7556}") = "DateCalculate", "DateCalculate.csproj", "{ACB02B1C-9245-4434-9231-F4C549F157F0}"
EndProject
Global
	GlobalSection(SolutionConfigurationPlatforms) = preSolution
		Debug|Any CPU = Debug|Any CPU
		Release|Any CPU = Release|Any CPU
	EndGlobalSection
	GlobalSection(ProjectConfigurationPlatforms) = postSolution
		{ACB02B1C-9245-4434-9231-F4C549F157F0}.Debug|Any CPU.ActiveCfg = Debug|Any CPU
		{ACB02B1C-9245-4434-9231-F4C549F157F0}.Debug|Any CPU.Build.0 = Debug|Any CPU
		{ACB02B1C-9245-4434-9231-F4C549F157F0}.Release|Any CPU.ActiveCfg = Release|Any CPU
		{ACB02B1C-9245-4434-9231-F4C549F157F0}.Release|Any CPU.Build.0 = Release|Any CPU
	EndGlobalSection
	GlobalSection(SolutionProperties) = preSolution
		HideSolutionNode = FALSE
	EndGlobalSection
	GlobalSection(ExtensibilityGlobals) = postSolution
		SolutionGuid = {56B19B03-CC6B-44CE-9FDC-29548C798D3C}
	EndGlobalSection
EndGlobal
