
Microsoft Visual Studio Solution File, Format Version 12.00
# Visual Studio Version 16
VisualStudioVersion = 16.0.31205.134
MinimumVisualStudioVersion = 10.0.40219.1
Project("{9A19103F-16F7-4668-BE54-9A1E7A4F7556}") = "DateCalculateTest", "DateCalculateTest\DateCalculateTest.csproj", "{645BE632-03BB-447C-B4D4-263ED5590941}"
	ProjectSection(ProjectDependencies) = postProject
		{CA178E79-6B12-4847-A194-F69A7785B90D} = {CA178E79-6B12-4847-A194-F69A7785B90D}
	EndProjectSection
EndProject
Project("{9A19103F-16F7-4668-BE54-9A1E7A4F7556}") = "DateCalculate", "DateCalculate\DateCalculate.csproj", "{CA178E79-6B12-4847-A194-F69A7785B90D}"
EndProject
Global
	GlobalSection(SolutionConfigurationPlatforms) = preSolution
		Debug|Any CPU = Debug|Any CPU
		Release|Any CPU = Release|Any CPU
	EndGlobalSection
	GlobalSection(ProjectConfigurationPlatforms) = postSolution
		{645BE632-03BB-447C-B4D4-263ED5590941}.Debug|Any CPU.ActiveCfg = Debug|Any CPU
		{645BE632-03BB-447C-B4D4-263ED5590941}.Debug|Any CPU.Build.0 = Debug|Any CPU
		{645BE632-03BB-447C-B4D4-263ED5590941}.Release|Any CPU.ActiveCfg = Release|Any CPU
		{645BE632-03BB-447C-B4D4-263ED5590941}.Release|Any CPU.Build.0 = Release|Any CPU
		{CA178E79-6B12-4847-A194-F69A7785B90D}.Debug|Any CPU.ActiveCfg = Debug|Any CPU
		{CA178E79-6B12-4847-A194-F69A7785B90D}.Debug|Any CPU.Build.0 = Debug|Any CPU
		{CA178E79-6B12-4847-A194-F69A7785B90D}.Release|Any CPU.ActiveCfg = Release|Any CPU
		{CA178E79-6B12-4847-A194-F69A7785B90D}.Release|Any CPU.Build.0 = Release|Any CPU
	EndGlobalSection
	GlobalSection(SolutionProperties) = preSolution
		HideSolutionNode = FALSE
	EndGlobalSection
	GlobalSection(ExtensibilityGlobals) = postSolution
		SolutionGuid = {56B19B03-CC6B-44CE-9FDC-29548C798D3C}
	EndGlobalSection
EndGlobal
